
Microsoft Visual Studio Solution File, Format Version 12.00
# Visual Studio Version 17
VisualStudioVersion = 17.6.33620.401
MinimumVisualStudioVersion = 10.0.40219.1
Project("{FAE04EC0-301F-11D3-BF4B-00C04F79EFBC}") = "SimpleUrlShortener", "SimpleUrlShortener\SimpleUrlShortener.csproj", "{274B3776-E174-4AC9-B314-C1B3A04CAB9B}"
EndProject
Project("{FAE04EC0-301F-11D3-BF4B-00C04F79EFBC}") = "SimpleUrlShortener.Tests", "SimpleUrlShortener.Tests\SimpleUrlShortener.Tests.csproj", "{D52545F2-69BC-4250-8A59-4F87CB3A712C}"
EndProject
Global
	GlobalSection(SolutionConfigurationPlatforms) = preSolution
		Debug|Any CPU = Debug|Any CPU
		Release|Any CPU = Release|Any CPU
	EndGlobalSection
	GlobalSection(ProjectConfigurationPlatforms) = postSolution
		{274B3776-E174-4AC9-B314-C1B3A04CAB9B}.Debug|Any CPU.ActiveCfg = Debug|Any CPU
		{274B3776-E174-4AC9-B314-C1B3A04CAB9B}.Debug|Any CPU.Build.0 = Debug|Any CPU
		{274B3776-E174-4AC9-B314-C1B3A04CAB9B}.Release|Any CPU.ActiveCfg = Release|Any CPU
		{274B3776-E174-4AC9-B314-C1B3A04CAB9B}.Release|Any CPU.Build.0 = Release|Any CPU
		{D52545F2-69BC-4250-8A59-4F87CB3A712C}.Debug|Any CPU.ActiveCfg = Debug|Any CPU
		{D52545F2-69BC-4250-8A59-4F87CB3A712C}.Debug|Any CPU.Build.0 = Debug|Any CPU
		{D52545F2-69BC-4250-8A59-4F87CB3A712C}.Release|Any CPU.ActiveCfg = Release|Any CPU
		{D52545F2-69BC-4250-8A59-4F87CB3A712C}.Release|Any CPU.Build.0 = Release|Any CPU
	EndGlobalSection
	GlobalSection(SolutionProperties) = preSolution
		HideSolutionNode = FALSE
	EndGlobalSection
	GlobalSection(ExtensibilityGlobals) = postSolution
		SolutionGuid = {DCFE1545-50DF-4487-8F05-4182B82A3B57}
	EndGlobalSection
EndGlobal
